
Microsoft Visual Studio Solution File, Format Version 12.00
# Visual Studio 2013
VisualStudioVersion = 12.0.31101.0
MinimumVisualStudioVersion = 10.0.40219.1
Project("{FAE04EC0-301F-11D3-BF4B-00C04F79EFBC}") = "IremEczOtomasyonu", "IremEczOtomasyonu\IremEczOtomasyonu.csproj", "{6B60DF19-4EFD-4865-99BF-22BCF112F0B2}"
	ProjectSection(ProjectDependencies) = postProject
		{CC5D5149-0092-4508-AC34-2ABE1468A1C9} = {CC5D5149-0092-4508-AC34-2ABE1468A1C9}
	EndProjectSection
EndProject
Project("{FAE04EC0-301F-11D3-BF4B-00C04F79EFBC}") = "ConnectionStringEncrypter", "ConnectionStringEncrypter\ConnectionStringEncrypter.csproj", "{D2347FED-18E2-407C-A27E-BC92852F9EEC}"
	ProjectSection(ProjectDependencies) = postProject
		{6B60DF19-4EFD-4865-99BF-22BCF112F0B2} = {6B60DF19-4EFD-4865-99BF-22BCF112F0B2}
	EndProjectSection
EndProject
Project("{FAE04EC0-301F-11D3-BF4B-00C04F79EFBC}") = "WebCamWrapper", "WebCamWrapper\WebCamWrapper.csproj", "{CC5D5149-0092-4508-AC34-2ABE1468A1C9}"
EndProject
Project("{8BC9CEB8-8B4A-11D0-8D11-00A0C91BC942}") = "WebCamLib", "WebCamLib\WebCamLib.vcxproj", "{2522CF32-DEDF-43C4-9A9E-D52A7CE4BE3E}"
EndProject
Project("{54435603-DBB4-11D2-8724-00A0C9A8B90C}") = "IremEczSetupVSI", "IremEczSetupVSI\IremEczSetupVSI.vdproj", "{D64052EF-4107-4811-AA7A-FB2CF352CC18}"
EndProject
Global
	GlobalSection(SolutionConfigurationPlatforms) = preSolution
		Debug|Mixed Platforms = Debug|Mixed Platforms
		Debug|x86 = Debug|x86
		Release|Mixed Platforms = Release|Mixed Platforms
		Release|x86 = Release|x86
	EndGlobalSection
	GlobalSection(ProjectConfigurationPlatforms) = postSolution
		{6B60DF19-4EFD-4865-99BF-22BCF112F0B2}.Debug|Mixed Platforms.ActiveCfg = Debug|x86
		{6B60DF19-4EFD-4865-99BF-22BCF112F0B2}.Debug|Mixed Platforms.Build.0 = Debug|x86
		{6B60DF19-4EFD-4865-99BF-22BCF112F0B2}.Debug|x86.ActiveCfg = Debug|x86
		{6B60DF19-4EFD-4865-99BF-22BCF112F0B2}.Debug|x86.Build.0 = Debug|x86
		{6B60DF19-4EFD-4865-99BF-22BCF112F0B2}.Release|Mixed Platforms.ActiveCfg = Release|x86
		{6B60DF19-4EFD-4865-99BF-22BCF112F0B2}.Release|Mixed Platforms.Build.0 = Release|x86
		{6B60DF19-4EFD-4865-99BF-22BCF112F0B2}.Release|x86.ActiveCfg = Release|x86
		{6B60DF19-4EFD-4865-99BF-22BCF112F0B2}.Release|x86.Build.0 = Release|x86
		{D2347FED-18E2-407C-A27E-BC92852F9EEC}.Debug|Mixed Platforms.ActiveCfg = Debug|x86
		{D2347FED-18E2-407C-A27E-BC92852F9EEC}.Debug|Mixed Platforms.Build.0 = Debug|x86
		{D2347FED-18E2-407C-A27E-BC92852F9EEC}.Debug|x86.ActiveCfg = Debug|x86
		{D2347FED-18E2-407C-A27E-BC92852F9EEC}.Debug|x86.Build.0 = Debug|x86
		{D2347FED-18E2-407C-A27E-BC92852F9EEC}.Release|Mixed Platforms.ActiveCfg = Release|x86
		{D2347FED-18E2-407C-A27E-BC92852F9EEC}.Release|Mixed Platforms.Build.0 = Release|x86
		{D2347FED-18E2-407C-A27E-BC92852F9EEC}.Release|x86.ActiveCfg = Release|x86
		{D2347FED-18E2-407C-A27E-BC92852F9EEC}.Release|x86.Build.0 = Release|x86
		{CC5D5149-0092-4508-AC34-2ABE1468A1C9}.Debug|Mixed Platforms.ActiveCfg = Debug|Any CPU
		{CC5D5149-0092-4508-AC34-2ABE1468A1C9}.Debug|Mixed Platforms.Build.0 = Debug|Any CPU
		{CC5D5149-0092-4508-AC34-2ABE1468A1C9}.Debug|x86.ActiveCfg = Debug|Any CPU
		{CC5D5149-0092-4508-AC34-2ABE1468A1C9}.Debug|x86.Build.0 = Debug|Any CPU
		{CC5D5149-0092-4508-AC34-2ABE1468A1C9}.Release|Mixed Platforms.ActiveCfg = Release|Any CPU
		{CC5D5149-0092-4508-AC34-2ABE1468A1C9}.Release|Mixed Platforms.Build.0 = Release|Any CPU
		{CC5D5149-0092-4508-AC34-2ABE1468A1C9}.Release|x86.ActiveCfg = Release|Any CPU
		{CC5D5149-0092-4508-AC34-2ABE1468A1C9}.Release|x86.Build.0 = Release|Any CPU
		{2522CF32-DEDF-43C4-9A9E-D52A7CE4BE3E}.Debug|Mixed Platforms.ActiveCfg = Debug|Win32
		{2522CF32-DEDF-43C4-9A9E-D52A7CE4BE3E}.Debug|Mixed Platforms.Build.0 = Debug|Win32
		{2522CF32-DEDF-43C4-9A9E-D52A7CE4BE3E}.Debug|x86.ActiveCfg = Debug|Win32
		{2522CF32-DEDF-43C4-9A9E-D52A7CE4BE3E}.Debug|x86.Build.0 = Debug|Win32
		{2522CF32-DEDF-43C4-9A9E-D52A7CE4BE3E}.Release|Mixed Platforms.ActiveCfg = Release|Win32
		{2522CF32-DEDF-43C4-9A9E-D52A7CE4BE3E}.Release|Mixed Platforms.Build.0 = Release|Win32
		{2522CF32-DEDF-43C4-9A9E-D52A7CE4BE3E}.Release|x86.ActiveCfg = Release|Win32
		{2522CF32-DEDF-43C4-9A9E-D52A7CE4BE3E}.Release|x86.Build.0 = Release|Win32
		{D64052EF-4107-4811-AA7A-FB2CF352CC18}.Debug|Mixed Platforms.ActiveCfg = Debug
		{D64052EF-4107-4811-AA7A-FB2CF352CC18}.Debug|x86.ActiveCfg = Debug
		{D64052EF-4107-4811-AA7A-FB2CF352CC18}.Release|Mixed Platforms.ActiveCfg = Release
		{D64052EF-4107-4811-AA7A-FB2CF352CC18}.Release|x86.ActiveCfg = Release
	EndGlobalSection
	GlobalSection(SolutionProperties) = preSolution
		HideSolutionNode = FALSE
	EndGlobalSection
EndGlobal
